
Microsoft Visual Studio Solution File, Format Version 12.00
# Visual Studio Version 16
VisualStudioVersion = 16.0.29201.188
MinimumVisualStudioVersion = 10.0.40219.1
Project("{FAE04EC0-301F-11D3-BF4B-00C04F79EFBC}") = "XMLSerializer", "XMLSerializer\XMLSerializer.csproj", "{9C3F11A5-4583-473B-B188-26A42512E3DD}"
EndProject
Project("{FAE04EC0-301F-11D3-BF4B-00C04F79EFBC}") = "XMLSeralizer2", "XMLSeralizer2\XMLSeralizer2.csproj", "{71E3ED9F-7D4F-40E4-825C-7C725683FF14}"
EndProject
Project("{FAE04EC0-301F-11D3-BF4B-00C04F79EFBC}") = "XMLSeralizer3", "XMLSeralizer3\XMLSeralizer3.csproj", "{2161B11B-B80B-40BB-8F89-3DA799D9F4C2}"
EndProject
Project("{FAE04EC0-301F-11D3-BF4B-00C04F79EFBC}") = "XmlSerializer4", "XmlSerializer4\XmlSerializer4.csproj", "{C046073C-888A-4D65-81C3-4603097963AF}"
EndProject
Project("{FAE04EC0-301F-11D3-BF4B-00C04F79EFBC}") = "XMLSerializer5", "XMLSerializer5\XMLSerializer5.csproj", "{07E385FF-D881-4975-AB86-6C35086FF941}"
EndProject
Project("{FAE04EC0-301F-11D3-BF4B-00C04F79EFBC}") = "XMLSerializer6", "XMLSerializer6\XMLSerializer6.csproj", "{D03551F5-4331-46DF-A609-7D5F2E75849B}"
EndProject
Project("{FAE04EC0-301F-11D3-BF4B-00C04F79EFBC}") = "XMLSerializer7", "XMLSerializer7\XMLSerializer7.csproj", "{7797CE78-A49C-42E9-8276-F64CC6F34521}"
EndProject
Global
	GlobalSection(SolutionConfigurationPlatforms) = preSolution
		Debug|Any CPU = Debug|Any CPU
		Release|Any CPU = Release|Any CPU
	EndGlobalSection
	GlobalSection(ProjectConfigurationPlatforms) = postSolution
		{9C3F11A5-4583-473B-B188-26A42512E3DD}.Debug|Any CPU.ActiveCfg = Debug|Any CPU
		{9C3F11A5-4583-473B-B188-26A42512E3DD}.Debug|Any CPU.Build.0 = Debug|Any CPU
		{9C3F11A5-4583-473B-B188-26A42512E3DD}.Release|Any CPU.ActiveCfg = Release|Any CPU
		{9C3F11A5-4583-473B-B188-26A42512E3DD}.Release|Any CPU.Build.0 = Release|Any CPU
		{71E3ED9F-7D4F-40E4-825C-7C725683FF14}.Debug|Any CPU.ActiveCfg = Debug|Any CPU
		{71E3ED9F-7D4F-40E4-825C-7C725683FF14}.Debug|Any CPU.Build.0 = Debug|Any CPU
		{71E3ED9F-7D4F-40E4-825C-7C725683FF14}.Release|Any CPU.ActiveCfg = Release|Any CPU
		{71E3ED9F-7D4F-40E4-825C-7C725683FF14}.Release|Any CPU.Build.0 = Release|Any CPU
		{2161B11B-B80B-40BB-8F89-3DA799D9F4C2}.Debug|Any CPU.ActiveCfg = Debug|Any CPU
		{2161B11B-B80B-40BB-8F89-3DA799D9F4C2}.Debug|Any CPU.Build.0 = Debug|Any CPU
		{2161B11B-B80B-40BB-8F89-3DA799D9F4C2}.Release|Any CPU.ActiveCfg = Release|Any CPU
		{2161B11B-B80B-40BB-8F89-3DA799D9F4C2}.Release|Any CPU.Build.0 = Release|Any CPU
		{C046073C-888A-4D65-81C3-4603097963AF}.Debug|Any CPU.ActiveCfg = Debug|Any CPU
		{C046073C-888A-4D65-81C3-4603097963AF}.Debug|Any CPU.Build.0 = Debug|Any CPU
		{C046073C-888A-4D65-81C3-4603097963AF}.Release|Any CPU.ActiveCfg = Release|Any CPU
		{C046073C-888A-4D65-81C3-4603097963AF}.Release|Any CPU.Build.0 = Release|Any CPU
		{07E385FF-D881-4975-AB86-6C35086FF941}.Debug|Any CPU.ActiveCfg = Debug|Any CPU
		{07E385FF-D881-4975-AB86-6C35086FF941}.Debug|Any CPU.Build.0 = Debug|Any CPU
		{07E385FF-D881-4975-AB86-6C35086FF941}.Release|Any CPU.ActiveCfg = Release|Any CPU
		{07E385FF-D881-4975-AB86-6C35086FF941}.Release|Any CPU.Build.0 = Release|Any CPU
		{D03551F5-4331-46DF-A609-7D5F2E75849B}.Debug|Any CPU.ActiveCfg = Debug|Any CPU
		{D03551F5-4331-46DF-A609-7D5F2E75849B}.Debug|Any CPU.Build.0 = Debug|Any CPU
		{D03551F5-4331-46DF-A609-7D5F2E75849B}.Release|Any CPU.ActiveCfg = Release|Any CPU
		{D03551F5-4331-46DF-A609-7D5F2E75849B}.Release|Any CPU.Build.0 = Release|Any CPU
		{7797CE78-A49C-42E9-8276-F64CC6F34521}.Debug|Any CPU.ActiveCfg = Debug|Any CPU
		{7797CE78-A49C-42E9-8276-F64CC6F34521}.Debug|Any CPU.Build.0 = Debug|Any CPU
		{7797CE78-A49C-42E9-8276-F64CC6F34521}.Release|Any CPU.ActiveCfg = Release|Any CPU
		{7797CE78-A49C-42E9-8276-F64CC6F34521}.Release|Any CPU.Build.0 = Release|Any CPU
	EndGlobalSection
	GlobalSection(SolutionProperties) = preSolution
		HideSolutionNode = FALSE
	EndGlobalSection
	GlobalSection(ExtensibilityGlobals) = postSolution
		SolutionGuid = {4415E214-6E48-43AF-AFE4-6BC7DFFBB2A3}
	EndGlobalSection
EndGlobal
